
Microsoft Visual Studio Solution File, Format Version 12.00
# Visual Studio 15
VisualStudioVersion = 15.0.27703.2000
MinimumVisualStudioVersion = 10.0.40219.1
Project("{FAE04EC0-301F-11D3-BF4B-00C04F79EFBC}") = "ServerTools", "src\ServerTools.csproj", "{64A9F688-8F9E-4127-86E8-C7FFA85C1873}"
EndProject
Global
	GlobalSection(SolutionConfigurationPlatforms) = preSolution
		Debug|Any CPU = Debug|Any CPU
		Release|Any CPU = Release|Any CPU
	EndGlobalSection
	GlobalSection(ProjectConfigurationPlatforms) = postSolution
		{64A9F688-8F9E-4127-86E8-C7FFA85C1873}.Debug|Any CPU.ActiveCfg = Debug|Any CPU
		{64A9F688-8F9E-4127-86E8-C7FFA85C1873}.Debug|Any CPU.Build.0 = Debug|Any CPU
		{64A9F688-8F9E-4127-86E8-C7FFA85C1873}.Release|Any CPU.ActiveCfg = Release|Any CPU
		{64A9F688-8F9E-4127-86E8-C7FFA85C1873}.Release|Any CPU.Build.0 = Release|Any CPU
	EndGlobalSection
	GlobalSection(SolutionProperties) = preSolution
		HideSolutionNode = FALSE
	EndGlobalSection
	GlobalSection(ExtensibilityGlobals) = postSolution
		SolutionGuid = {E124F431-7878-4189-8312-01A2BF03474C}
	EndGlobalSection
EndGlobal
